
Microsoft Visual Studio Solution File, Format Version 12.00
# Visual Studio Version 17
VisualStudioVersion = 17.6.33829.357
MinimumVisualStudioVersion = 10.0.40219.1
Project("{9A19103F-16F7-4668-BE54-9A1E7A4F7556}") = "InterCase", "WebApplication1edsf\InterCase.csproj", "{AF2552D5-2E36-4096-8C53-28A614256209}"
EndProject
Global
	GlobalSection(SolutionConfigurationPlatforms) = preSolution
		Debug|Any CPU = Debug|Any CPU
		Release|Any CPU = Release|Any CPU
	EndGlobalSection
	GlobalSection(ProjectConfigurationPlatforms) = postSolution
		{AF2552D5-2E36-4096-8C53-28A614256209}.Debug|Any CPU.ActiveCfg = Debug|Any CPU
		{AF2552D5-2E36-4096-8C53-28A614256209}.Debug|Any CPU.Build.0 = Debug|Any CPU
		{AF2552D5-2E36-4096-8C53-28A614256209}.Release|Any CPU.ActiveCfg = Release|Any CPU
		{AF2552D5-2E36-4096-8C53-28A614256209}.Release|Any CPU.Build.0 = Release|Any CPU
	EndGlobalSection
	GlobalSection(SolutionProperties) = preSolution
		HideSolutionNode = FALSE
	EndGlobalSection
	GlobalSection(ExtensibilityGlobals) = postSolution
		SolutionGuid = {03448AF7-9AB1-4E13-965C-145B8744C9F3}
	EndGlobalSection
EndGlobal
